
Microsoft Visual Studio Solution File, Format Version 12.00
# Visual Studio Version 17
VisualStudioVersion = 17.8.34330.188
MinimumVisualStudioVersion = 10.0.40219.1
Project("{FAE04EC0-301F-11D3-BF4B-00C04F79EFBC}") = "Api", "Api.csproj", "{73C1F229-D802-4A78-AB59-86923D2DFDB3}"
EndProject
Project("{FAE04EC0-301F-11D3-BF4B-00C04F79EFBC}") = "Application", "..\Application\Application.csproj", "{F8608C5F-FC78-4556-A1F6-3E85639D4184}"
EndProject
Project("{FAE04EC0-301F-11D3-BF4B-00C04F79EFBC}") = "Domain", "..\Domain\Domain.csproj", "{6ACE399E-D159-456A-A407-07EA0E0F5721}"
EndProject
Project("{FAE04EC0-301F-11D3-BF4B-00C04F79EFBC}") = "Infrastructure", "..\Infrastructure\Infrastructure.csproj", "{229B3C37-EB30-4A2D-9B2A-3741D0809A00}"
EndProject
Global
	GlobalSection(SolutionConfigurationPlatforms) = preSolution
		Debug|Any CPU = Debug|Any CPU
		Release|Any CPU = Release|Any CPU
	EndGlobalSection
	GlobalSection(ProjectConfigurationPlatforms) = postSolution
		{73C1F229-D802-4A78-AB59-86923D2DFDB3}.Debug|Any CPU.ActiveCfg = Debug|Any CPU
		{73C1F229-D802-4A78-AB59-86923D2DFDB3}.Debug|Any CPU.Build.0 = Debug|Any CPU
		{73C1F229-D802-4A78-AB59-86923D2DFDB3}.Release|Any CPU.ActiveCfg = Release|Any CPU
		{73C1F229-D802-4A78-AB59-86923D2DFDB3}.Release|Any CPU.Build.0 = Release|Any CPU
		{F8608C5F-FC78-4556-A1F6-3E85639D4184}.Debug|Any CPU.ActiveCfg = Debug|Any CPU
		{F8608C5F-FC78-4556-A1F6-3E85639D4184}.Debug|Any CPU.Build.0 = Debug|Any CPU
		{F8608C5F-FC78-4556-A1F6-3E85639D4184}.Release|Any CPU.ActiveCfg = Release|Any CPU
		{F8608C5F-FC78-4556-A1F6-3E85639D4184}.Release|Any CPU.Build.0 = Release|Any CPU
		{6ACE399E-D159-456A-A407-07EA0E0F5721}.Debug|Any CPU.ActiveCfg = Debug|Any CPU
		{6ACE399E-D159-456A-A407-07EA0E0F5721}.Debug|Any CPU.Build.0 = Debug|Any CPU
		{6ACE399E-D159-456A-A407-07EA0E0F5721}.Release|Any CPU.ActiveCfg = Release|Any CPU
		{6ACE399E-D159-456A-A407-07EA0E0F5721}.Release|Any CPU.Build.0 = Release|Any CPU
		{229B3C37-EB30-4A2D-9B2A-3741D0809A00}.Debug|Any CPU.ActiveCfg = Debug|Any CPU
		{229B3C37-EB30-4A2D-9B2A-3741D0809A00}.Debug|Any CPU.Build.0 = Debug|Any CPU
		{229B3C37-EB30-4A2D-9B2A-3741D0809A00}.Release|Any CPU.ActiveCfg = Release|Any CPU
		{229B3C37-EB30-4A2D-9B2A-3741D0809A00}.Release|Any CPU.Build.0 = Release|Any CPU
	EndGlobalSection
	GlobalSection(SolutionProperties) = preSolution
		HideSolutionNode = FALSE
	EndGlobalSection
	GlobalSection(ExtensibilityGlobals) = postSolution
		SolutionGuid = {0CADDD9D-D944-46AB-825D-E36007F7DD8C}
	EndGlobalSection
EndGlobal
